
Microsoft Visual Studio Solution File, Format Version 12.00
# Visual Studio Version 17
VisualStudioVersion = 17.8.34330.188
MinimumVisualStudioVersion = 10.0.40219.1
Project("{FAE04EC0-301F-11D3-BF4B-00C04F79EFBC}") = "UnitedPolling.Server", "UnitedPolling.Server\UnitedPolling.Server.csproj", "{1412C1CC-CFEF-48E5-BA15-2897DEB36E97}"
EndProject
Project("{54A90642-561A-4BB1-A94E-469ADEE60C69}") = "UnitedPolling.Client", "UnitedPolling.Client\UnitedPolling.Client.esproj", "{4A9082FC-CA42-4C48-8194-BBCB908A7252}"
EndProject
Project("{FAE04EC0-301F-11D3-BF4B-00C04F79EFBC}") = "UnitedPolling.Tests", "UnitedPolling.Tests\UnitedPolling.Tests.csproj", "{6E4B2203-993E-4732-9623-F3646EC68DC1}"
EndProject
Global
	GlobalSection(SolutionConfigurationPlatforms) = preSolution
		Debug|Any CPU = Debug|Any CPU
		Release|Any CPU = Release|Any CPU
	EndGlobalSection
	GlobalSection(ProjectConfigurationPlatforms) = postSolution
		{1412C1CC-CFEF-48E5-BA15-2897DEB36E97}.Debug|Any CPU.ActiveCfg = Debug|Any CPU
		{1412C1CC-CFEF-48E5-BA15-2897DEB36E97}.Debug|Any CPU.Build.0 = Debug|Any CPU
		{1412C1CC-CFEF-48E5-BA15-2897DEB36E97}.Release|Any CPU.ActiveCfg = Release|Any CPU
		{1412C1CC-CFEF-48E5-BA15-2897DEB36E97}.Release|Any CPU.Build.0 = Release|Any CPU
		{4A9082FC-CA42-4C48-8194-BBCB908A7252}.Debug|Any CPU.ActiveCfg = Debug|Any CPU
		{4A9082FC-CA42-4C48-8194-BBCB908A7252}.Debug|Any CPU.Build.0 = Debug|Any CPU
		{4A9082FC-CA42-4C48-8194-BBCB908A7252}.Debug|Any CPU.Deploy.0 = Debug|Any CPU
		{4A9082FC-CA42-4C48-8194-BBCB908A7252}.Release|Any CPU.ActiveCfg = Release|Any CPU
		{4A9082FC-CA42-4C48-8194-BBCB908A7252}.Release|Any CPU.Build.0 = Release|Any CPU
		{4A9082FC-CA42-4C48-8194-BBCB908A7252}.Release|Any CPU.Deploy.0 = Release|Any CPU
		{6E4B2203-993E-4732-9623-F3646EC68DC1}.Debug|Any CPU.ActiveCfg = Debug|Any CPU
		{6E4B2203-993E-4732-9623-F3646EC68DC1}.Debug|Any CPU.Build.0 = Debug|Any CPU
		{6E4B2203-993E-4732-9623-F3646EC68DC1}.Release|Any CPU.ActiveCfg = Release|Any CPU
		{6E4B2203-993E-4732-9623-F3646EC68DC1}.Release|Any CPU.Build.0 = Release|Any CPU
	EndGlobalSection
	GlobalSection(SolutionProperties) = preSolution
		HideSolutionNode = FALSE
	EndGlobalSection
	GlobalSection(ExtensibilityGlobals) = postSolution
		SolutionGuid = {99ACAD66-6C50-41B5-BE79-8441DE0C968C}
	EndGlobalSection
EndGlobal
